
Microsoft Visual Studio Solution File, Format Version 12.00
# Visual Studio 15
VisualStudioVersion = 15.0.27004.2009
MinimumVisualStudioVersion = 10.0.40219.1
Project("{FAE04EC0-301F-11D3-BF4B-00C04F79EFBC}") = "VATCheckUsingVIES", "VATCheckUsingVIES\VATCheckUsingVIES.csproj", "{2478D1D8-92DA-4532-B3CC-D8383CA641E1}"
EndProject
Global
	GlobalSection(SolutionConfigurationPlatforms) = preSolution
		Debug|Any CPU = Debug|Any CPU
		Release|Any CPU = Release|Any CPU
	EndGlobalSection
	GlobalSection(ProjectConfigurationPlatforms) = postSolution
		{2478D1D8-92DA-4532-B3CC-D8383CA641E1}.Debug|Any CPU.ActiveCfg = Debug|Any CPU
		{2478D1D8-92DA-4532-B3CC-D8383CA641E1}.Debug|Any CPU.Build.0 = Debug|Any CPU
		{2478D1D8-92DA-4532-B3CC-D8383CA641E1}.Release|Any CPU.ActiveCfg = Release|Any CPU
		{2478D1D8-92DA-4532-B3CC-D8383CA641E1}.Release|Any CPU.Build.0 = Release|Any CPU
	EndGlobalSection
	GlobalSection(SolutionProperties) = preSolution
		HideSolutionNode = FALSE
	EndGlobalSection
	GlobalSection(ExtensibilityGlobals) = postSolution
		SolutionGuid = {0A2B6F41-1A41-4FA9-B65F-C34ABCF4A372}
	EndGlobalSection
EndGlobal
